
Microsoft Visual Studio Solution File, Format Version 12.00
# Visual Studio Version 16
VisualStudioVersion = 16.0.34031.81
MinimumVisualStudioVersion = 10.0.40219.1
Project("{8BC9CEB8-8B4A-11D0-8D11-00A0C91BC942}") = "TP6_Digilio_Juan", "TP6_Digilio_Juan.vcxproj", "{1705040D-3F8B-4E5A-B8A1-94C75D57E42D}"
EndProject
Global
	GlobalSection(SolutionConfigurationPlatforms) = preSolution
		Debug|x64 = Debug|x64
		Debug|x86 = Debug|x86
		Release|x64 = Release|x64
		Release|x86 = Release|x86
	EndGlobalSection
	GlobalSection(ProjectConfigurationPlatforms) = postSolution
		{1705040D-3F8B-4E5A-B8A1-94C75D57E42D}.Debug|x64.ActiveCfg = Debug|x64
		{1705040D-3F8B-4E5A-B8A1-94C75D57E42D}.Debug|x64.Build.0 = Debug|x64
		{1705040D-3F8B-4E5A-B8A1-94C75D57E42D}.Debug|x86.ActiveCfg = Debug|Win32
		{1705040D-3F8B-4E5A-B8A1-94C75D57E42D}.Debug|x86.Build.0 = Debug|Win32
		{1705040D-3F8B-4E5A-B8A1-94C75D57E42D}.Release|x64.ActiveCfg = Release|x64
		{1705040D-3F8B-4E5A-B8A1-94C75D57E42D}.Release|x64.Build.0 = Release|x64
		{1705040D-3F8B-4E5A-B8A1-94C75D57E42D}.Release|x86.ActiveCfg = Release|Win32
		{1705040D-3F8B-4E5A-B8A1-94C75D57E42D}.Release|x86.Build.0 = Release|Win32
	EndGlobalSection
	GlobalSection(SolutionProperties) = preSolution
		HideSolutionNode = FALSE
	EndGlobalSection
	GlobalSection(ExtensibilityGlobals) = postSolution
		SolutionGuid = {FF5DCBA6-265C-4092-BB3F-747A92EF05D4}
	EndGlobalSection
EndGlobal
